// !$*UTF8*$!
{
	archiveVersion = 1;
	classes = {
	};
	objectVersion = 50;
	objects = {

/* Begin PBXBuildFile section */
		EFA726E52347E4FC0067CE28 /* initShader.c in Sources */ = {isa = PBXBuildFile; fileRef = EFA726E42347E4FC0067CE28 /* initShader.c */; };
		EFA726E923484B3B0067CE28 /* triangle.c in Sources */ = {isa = PBXBuildFile; fileRef = EFA726E823484B3B0067CE28 /* triangle.c */; };
		EFFF6C2A234BC60200284754 /* OpenGL.framework in Frameworks */ = {isa = PBXBuildFile; fileRef = EFFF6C29234BC60200284754 /* OpenGL.framework */; };
		EFFF6C2C234BC61700284754 /* GLUT.framework in Frameworks */ = {isa = PBXBuildFile; fileRef = EFFF6C2B234BC61700284754 /* GLUT.framework */; };
/* End PBXBuildFile section */

/* Begin PBXCopyFilesBuildPhase section */
		EFA726D42347E4B40067CE28 /* CopyFiles */ = {
			isa = PBXCopyFilesBuildPhase;
			buildActionMask = 2147483647;
			dstPath = /usr/share/man/man1/;
			dstSubfolderSpec = 0;
			files = (
			);
			runOnlyForDeploymentPostprocessing = 1;
		};
/* End PBXCopyFilesBuildPhase section */

/* Begin PBXFileReference section */
		EFA726D62347E4B40067CE28 /* lab04 */ = {isa = PBXFileReference; explicitFileType = "compiled.mach-o.executable"; includeInIndex = 0; path = lab04; sourceTree = BUILT_PRODUCTS_DIR; };
		EFA726E32347E4FC0067CE28 /* initShader.h */ = {isa = PBXFileReference; lastKnownFileType = sourcecode.c.h; path = initShader.h; sourceTree = "<group>"; };
		EFA726E42347E4FC0067CE28 /* initShader.c */ = {isa = PBXFileReference; lastKnownFileType = sourcecode.c.c; path = initShader.c; sourceTree = "<group>"; };
		EFA726E62347E5230067CE28 /* fshader.glsl */ = {isa = PBXFileReference; lastKnownFileType = text; path = fshader.glsl; sourceTree = "<group>"; };
		EFA726E72347E5310067CE28 /* vshader.glsl */ = {isa = PBXFileReference; lastKnownFileType = text; path = vshader.glsl; sourceTree = "<group>"; };
		EFA726E823484B3B0067CE28 /* triangle.c */ = {isa = PBXFileReference; lastKnownFileType = sourcecode.c.c; path = triangle.c; sourceTree = "<group>"; };
		EFFF6C29234BC60200284754 /* OpenGL.framework */ = {isa = PBXFileReference; lastKnownFileType = wrapper.framework; name = OpenGL.framework; path = System/Library/Frameworks/OpenGL.framework; sourceTree = SDKROOT; };
		EFFF6C2B234BC61700284754 /* GLUT.framework */ = {isa = PBXFileReference; lastKnownFileType = wrapper.framework; name = GLUT.framework; path = System/Library/Frameworks/GLUT.framework; sourceTree = SDKROOT; };
/* End PBXFileReference section */

/* Begin PBXFrameworksBuildPhase section */
		EFA726D32347E4B40067CE28 /* Frameworks */ = {
			isa = PBXFrameworksBuildPhase;
			buildActionMask = 2147483647;
			files = (
				EFFF6C2C234BC61700284754 /* GLUT.framework in Frameworks */,
				EFFF6C2A234BC60200284754 /* OpenGL.framework in Frameworks */,
			);
			runOnlyForDeploymentPostprocessing = 0;
		};
/* End PBXFrameworksBuildPhase section */

/* Begin PBXGroup section */
		EFA726CD2347E4B40067CE28 = {
			isa = PBXGroup;
			children = (
				EFA726D82347E4B40067CE28 /* lab04 */,
				EFA726D72347E4B40067CE28 /* Products */,
				EFFF6C28234BC60100284754 /* Frameworks */,
			);
			sourceTree = "<group>";
		};
		EFA726D72347E4B40067CE28 /* Products */ = {
			isa = PBXGroup;
			children = (
				EFA726D62347E4B40067CE28 /* lab04 */,
			);
			name = Products;
			sourceTree = "<group>";
		};
		EFA726D82347E4B40067CE28 /* lab04 */ = {
			isa = PBXGroup;
			children = (
				EFA726E823484B3B0067CE28 /* triangle.c */,
				EFA726E32347E4FC0067CE28 /* initShader.h */,
				EFA726E42347E4FC0067CE28 /* initShader.c */,
				EFA726E62347E5230067CE28 /* fshader.glsl */,
				EFA726E72347E5310067CE28 /* vshader.glsl */,
			);
			path = lab04;
			sourceTree = "<group>";
		};
		EFFF6C28234BC60100284754 /* Frameworks */ = {
			isa = PBXGroup;
			children = (
				EFFF6C2B234BC61700284754 /* GLUT.framework */,
				EFFF6C29234BC60200284754 /* OpenGL.framework */,
			);
			name = Frameworks;
			sourceTree = "<group>";
		};
/* End PBXGroup section */

/* Begin PBXNativeTarget section */
		EFA726D52347E4B40067CE28 /* lab04 */ = {
			isa = PBXNativeTarget;
			buildConfigurationList = EFA726DD2347E4B40067CE28 /* Build configuration list for PBXNativeTarget "lab04" */;
			buildPhases = (
				EFA726D22347E4B40067CE28 /* Sources */,
				EFA726D32347E4B40067CE28 /* Frameworks */,
				EFA726D42347E4B40067CE28 /* CopyFiles */,
			);
			buildRules = (
			);
			dependencies = (
			);
			name = lab04;
			productName = lab04;
			productReference = EFA726D62347E4B40067CE28 /* lab04 */;
			productType = "com.apple.product-type.tool";
		};
/* End PBXNativeTarget section */

/* Begin PBXProject section */
		EFA726CE2347E4B40067CE28 /* Project object */ = {
			isa = PBXProject;
			attributes = {
				LastUpgradeCheck = 1030;
				ORGANIZATIONNAME = "Sophia Lin";
				TargetAttributes = {
					EFA726D52347E4B40067CE28 = {
						CreatedOnToolsVersion = 10.3;
					};
				};
			};
			buildConfigurationList = EFA726D12347E4B40067CE28 /* Build configuration list for PBXProject "lab04" */;
			compatibilityVersion = "Xcode 9.3";
			developmentRegion = en;
			hasScannedForEncodings = 0;
			knownRegions = (
				en,
			);
			mainGroup = EFA726CD2347E4B40067CE28;
			productRefGroup = EFA726D72347E4B40067CE28 /* Products */;
			projectDirPath = "";
			projectRoot = "";
			targets = (
				EFA726D52347E4B40067CE28 /* lab04 */,
			);
		};
/* End PBXProject section */

/* Begin PBXSourcesBuildPhase section */
		EFA726D22347E4B40067CE28 /* Sources */ = {
			isa = PBXSourcesBuildPhase;
			buildActionMask = 2147483647;
			files = (
				EFA726E52347E4FC0067CE28 /* initShader.c in Sources */,
				EFA726E923484B3B0067CE28 /* triangle.c in Sources */,
			);
			runOnlyForDeploymentPostprocessing = 0;
		};
/* End PBXSourcesBuildPhase section */

/* Begin XCBuildConfiguration section */
		EFA726DB2347E4B40067CE28 /* Debug */ = {
			isa = XCBuildConfiguration;
			buildSettings = {
				ALWAYS_SEARCH_USER_PATHS = NO;
				CLANG_ANALYZER_NONNULL = YES;
				CLANG_ANALYZER_NUMBER_OBJECT_CONVERSION = YES_AGGRESSIVE;
				CLANG_CXX_LANGUAGE_STANDARD = "gnu++14";
				CLANG_CXX_LIBRARY = "libc++";
				CLANG_ENABLE_MODULES = YES;
				CLANG_ENABLE_OBJC_ARC = YES;
				CLANG_ENABLE_OBJC_WEAK = YES;
				CLANG_WARN_BLOCK_CAPTURE_AUTORELEASING = YES;
				CLANG_WARN_BOOL_CONVERSION = YES;
				CLANG_WARN_COMMA = YES;
				CLANG_WARN_CONSTANT_CONVERSION = YES;
				CLANG_WARN_DEPRECATED_OBJC_IMPLEMENTATIONS = YES;
				CLANG_WARN_DIRECT_OBJC_ISA_USAGE = YES_ERROR;
				CLANG_WARN_DOCUMENTATION_COMMENTS = YES;
				CLANG_WARN_EMPTY_BODY = YES;
				CLANG_WARN_ENUM_CONVERSION = YES;
				CLANG_WARN_INFINITE_RECURSION = YES;
				CLANG_WARN_INT_CONVERSION = YES;
				CLANG_WARN_NON_LITERAL_NULL_CONVERSION = YES;
				CLANG_WARN_OBJC_IMPLICIT_RETAIN_SELF = YES;
				CLANG_WARN_OBJC_LITERAL_CONVERSION = YES;
				CLANG_WARN_OBJC_ROOT_CLASS = YES_ERROR;
				CLANG_WARN_RANGE_LOOP_ANALYSIS = YES;
				CLANG_WARN_STRICT_PROTOTYPES = YES;
				CLANG_WARN_SUSPICIOUS_MOVE = YES;
				CLANG_WARN_UNGUARDED_AVAILABILITY = YES_AGGRESSIVE;
				CLANG_WARN_UNREACHABLE_CODE = YES;
				CLANG_WARN__DUPLICATE_METHOD_MATCH = YES;
				CODE_SIGN_IDENTITY = "Mac Developer";
				COPY_PHASE_STRIP = NO;
				DEBUG_INFORMATION_FORMAT = dwarf;
				ENABLE_STRICT_OBJC_MSGSEND = YES;
				ENABLE_TESTABILITY = YES;
				GCC_C_LANGUAGE_STANDARD = gnu11;
				GCC_DYNAMIC_NO_PIC = NO;
				GCC_NO_COMMON_BLOCKS = YES;
				GCC_OPTIMIZATION_LEVEL = 0;
				GCC_PREPROCESSOR_DEFINITIONS = (
					"DEBUG=1",
					"$(inherited)",
				);
				GCC_WARN_64_TO_32_BIT_CONVERSION = YES;
				GCC_WARN_ABOUT_RETURN_TYPE = YES_ERROR;
				GCC_WARN_UNDECLARED_SELECTOR = YES;
				GCC_WARN_UNINITIALIZED_AUTOS = YES_AGGRESSIVE;
				GCC_WARN_UNUSED_FUNCTION = YES;
				GCC_WARN_UNUSED_VARIABLE = YES;
				MACOSX_DEPLOYMENT_TARGET = 10.14;
				MTL_ENABLE_DEBUG_INFO = INCLUDE_SOURCE;
				MTL_FAST_MATH = YES;
				ONLY_ACTIVE_ARCH = YES;
				SDKROOT = macosx;
			};
			name = Debug;
		};
		EFA726DC2347E4B40067CE28 /* Release */ = {
			isa = XCBuildConfiguration;
			buildSettings = {
				ALWAYS_SEARCH_USER_PATHS = NO;
				CLANG_ANALYZER_NONNULL = YES;
				CLANG_ANALYZER_NUMBER_OBJECT_CONVERSION = YES_AGGRESSIVE;
				CLANG_CXX_LANGUAGE_STANDARD = "gnu++14";
				CLANG_CXX_LIBRARY = "libc++";
				CLANG_ENABLE_MODULES = YES;
				CLANG_ENABLE_OBJC_ARC = YES;
				CLANG_ENABLE_OBJC_WEAK = YES;
				CLANG_WARN_BLOCK_CAPTURE_AUTORELEASING = YES;
				CLANG_WARN_BOOL_CONVERSION = YES;
				CLANG_WARN_COMMA = YES;
				CLANG_WARN_CONSTANT_CONVERSION = YES;
				CLANG_WARN_DEPRECATED_OBJC_IMPLEMENTATIONS = YES;
				CLANG_WARN_DIRECT_OBJC_ISA_USAGE = YES_ERROR;
				CLANG_WARN_DOCUMENTATION_COMMENTS = YES;
				CLANG_WARN_EMPTY_BODY = YES;
				CLANG_WARN_ENUM_CONVERSION = YES;
				CLANG_WARN_INFINITE_RECURSION = YES;
				CLANG_WARN_INT_CONVERSION = YES;
				CLANG_WARN_NON_LITERAL_NULL_CONVERSION = YES;
				CLANG_WARN_OBJC_IMPLICIT_RETAIN_SELF = YES;
				CLANG_WARN_OBJC_LITERAL_CONVERSION = YES;
				CLANG_WARN_OBJC_ROOT_CLASS = YES_ERROR;
				CLANG_WARN_RANGE_LOOP_ANALYSIS = YES;
				CLANG_WARN_STRICT_PROTOTYPES = YES;
				CLANG_WARN_SUSPICIOUS_MOVE = YES;
				CLANG_WARN_UNGUARDED_AVAILABILITY = YES_AGGRESSIVE;
				CLANG_WARN_UNREACHABLE_CODE = YES;
				CLANG_WARN__DUPLICATE_METHOD_MATCH = YES;
				CODE_SIGN_IDENTITY = "Mac Developer";
				COPY_PHASE_STRIP = NO;
				DEBUG_INFORMATION_FORMAT = "dwarf-with-dsym";
				ENABLE_NS_ASSERTIONS = NO;
				ENABLE_STRICT_OBJC_MSGSEND = YES;
				GCC_C_LANGUAGE_STANDARD = gnu11;
				GCC_NO_COMMON_BLOCKS = YES;
				GCC_WARN_64_TO_32_BIT_CONVERSION = YES;
				GCC_WARN_ABOUT_RETURN_TYPE = YES_ERROR;
				GCC_WARN_UNDECLARED_SELECTOR = YES;
				GCC_WARN_UNINITIALIZED_AUTOS = YES_AGGRESSIVE;
				GCC_WARN_UNUSED_FUNCTION = YES;
				GCC_WARN_UNUSED_VARIABLE = YES;
				MACOSX_DEPLOYMENT_TARGET = 10.14;
				MTL_ENABLE_DEBUG_INFO = NO;
				MTL_FAST_MATH = YES;
				SDKROOT = macosx;
			};
			name = Release;
		};
		EFA726DE2347E4B40067CE28 /* Debug */ = {
			isa = XCBuildConfiguration;
			buildSettings = {
				CODE_SIGN_STYLE = Automatic;
				DEVELOPMENT_TEAM = K267WZW5W3;
				PRODUCT_NAME = "$(TARGET_NAME)";
			};
			name = Debug;
		};
		EFA726DF2347E4B40067CE28 /* Release */ = {
			isa = XCBuildConfiguration;
			buildSettings = {
				CODE_SIGN_STYLE = Automatic;
				DEVELOPMENT_TEAM = K267WZW5W3;
				PRODUCT_NAME = "$(TARGET_NAME)";
			};
			name = Release;
		};
/* End XCBuildConfiguration section */

/* Begin XCConfigurationList section */
		EFA726D12347E4B40067CE28 /* Build configuration list for PBXProject "lab04" */ = {
			isa = XCConfigurationList;
			buildConfigurations = (
				EFA726DB2347E4B40067CE28 /* Debug */,
				EFA726DC2347E4B40067CE28 /* Release */,
			);
			defaultConfigurationIsVisible = 0;
			defaultConfigurationName = Release;
		};
		EFA726DD2347E4B40067CE28 /* Build configuration list for PBXNativeTarget "lab04" */ = {
			isa = XCConfigurationList;
			buildConfigurations = (
				EFA726DE2347E4B40067CE28 /* Debug */,
				EFA726DF2347E4B40067CE28 /* Release */,
			);
			defaultConfigurationIsVisible = 0;
			defaultConfigurationName = Release;
		};
/* End XCConfigurationList section */
	};
	rootObject = EFA726CE2347E4B40067CE28 /* Project object */;
}
